
Microsoft Visual Studio Solution File, Format Version 12.00
# Visual Studio 2012
Project("{FAE04EC0-301F-11D3-BF4B-00C04F79EFBC}") = "GraphiteInv", "src\GraphiteInv.csproj", "{28B6BBBA-4C9E-4D0B-8888-E67B16CAC02A}"
EndProject
Global
	GlobalSection(SolutionConfigurationPlatforms) = preSolution
		Debug|Any CPU = Debug|Any CPU
		Release|Any CPU = Release|Any CPU
	EndGlobalSection
	GlobalSection(ProjectConfigurationPlatforms) = postSolution
		{28B6BBBA-4C9E-4D0B-8888-E67B16CAC02A}.Debug|Any CPU.ActiveCfg = Debug|Any CPU
		{28B6BBBA-4C9E-4D0B-8888-E67B16CAC02A}.Debug|Any CPU.Build.0 = Debug|Any CPU
		{28B6BBBA-4C9E-4D0B-8888-E67B16CAC02A}.Release|Any CPU.ActiveCfg = Release|Any CPU
		{28B6BBBA-4C9E-4D0B-8888-E67B16CAC02A}.Release|Any CPU.Build.0 = Release|Any CPU
	EndGlobalSection
	GlobalSection(SolutionProperties) = preSolution
		HideSolutionNode = FALSE
	EndGlobalSection
EndGlobal
